
Microsoft Visual Studio Solution File, Format Version 12.00
# Visual Studio 15
VisualStudioVersion = 15.0.28010.2046
MinimumVisualStudioVersion = 10.0.40219.1
Project("{8BC9CEB8-8B4A-11D0-8D11-00A0C91BC942}") = "2z", "2z\2z.vcxproj", "{BF974B76-F59E-42CB-BAD3-DA73B4D9AC88}"
EndProject
Global
	GlobalSection(SolutionConfigurationPlatforms) = preSolution
		Debug|x64 = Debug|x64
		Debug|x86 = Debug|x86
		Release|x64 = Release|x64
		Release|x86 = Release|x86
	EndGlobalSection
	GlobalSection(ProjectConfigurationPlatforms) = postSolution
		{BF974B76-F59E-42CB-BAD3-DA73B4D9AC88}.Debug|x64.ActiveCfg = Debug|x64
		{BF974B76-F59E-42CB-BAD3-DA73B4D9AC88}.Debug|x64.Build.0 = Debug|x64
		{BF974B76-F59E-42CB-BAD3-DA73B4D9AC88}.Debug|x86.ActiveCfg = Debug|Win32
		{BF974B76-F59E-42CB-BAD3-DA73B4D9AC88}.Debug|x86.Build.0 = Debug|Win32
		{BF974B76-F59E-42CB-BAD3-DA73B4D9AC88}.Release|x64.ActiveCfg = Release|x64
		{BF974B76-F59E-42CB-BAD3-DA73B4D9AC88}.Release|x64.Build.0 = Release|x64
		{BF974B76-F59E-42CB-BAD3-DA73B4D9AC88}.Release|x86.ActiveCfg = Release|Win32
		{BF974B76-F59E-42CB-BAD3-DA73B4D9AC88}.Release|x86.Build.0 = Release|Win32
	EndGlobalSection
	GlobalSection(SolutionProperties) = preSolution
		HideSolutionNode = FALSE
	EndGlobalSection
	GlobalSection(ExtensibilityGlobals) = postSolution
		SolutionGuid = {BFDE8DDA-D7A6-476B-8C29-6AEA52F27107}
	EndGlobalSection
EndGlobal
